
Microsoft Visual Studio Solution File, Format Version 12.00
# Visual Studio Version 17
VisualStudioVersion = 17.9.34607.119
MinimumVisualStudioVersion = 10.0.40219.1
Project("{FAE04EC0-301F-11D3-BF4B-00C04F79EFBC}") = "C04W01", "C04W01\C04W01.csproj", "{166F536A-8EE3-4764-97EA-D5C7379C9763}"
EndProject
Project("{FAE04EC0-301F-11D3-BF4B-00C04F79EFBC}") = "C04W02", "C04W02\C04W02.csproj", "{82B068D6-4AF2-4C1A-AF09-E8B1A1668629}"
EndProject
Global
	GlobalSection(SolutionConfigurationPlatforms) = preSolution
		Debug|Any CPU = Debug|Any CPU
		Release|Any CPU = Release|Any CPU
	EndGlobalSection
	GlobalSection(ProjectConfigurationPlatforms) = postSolution
		{166F536A-8EE3-4764-97EA-D5C7379C9763}.Debug|Any CPU.ActiveCfg = Debug|Any CPU
		{166F536A-8EE3-4764-97EA-D5C7379C9763}.Debug|Any CPU.Build.0 = Debug|Any CPU
		{166F536A-8EE3-4764-97EA-D5C7379C9763}.Release|Any CPU.ActiveCfg = Release|Any CPU
		{166F536A-8EE3-4764-97EA-D5C7379C9763}.Release|Any CPU.Build.0 = Release|Any CPU
		{82B068D6-4AF2-4C1A-AF09-E8B1A1668629}.Debug|Any CPU.ActiveCfg = Debug|Any CPU
		{82B068D6-4AF2-4C1A-AF09-E8B1A1668629}.Debug|Any CPU.Build.0 = Debug|Any CPU
		{82B068D6-4AF2-4C1A-AF09-E8B1A1668629}.Release|Any CPU.ActiveCfg = Release|Any CPU
		{82B068D6-4AF2-4C1A-AF09-E8B1A1668629}.Release|Any CPU.Build.0 = Release|Any CPU
	EndGlobalSection
	GlobalSection(SolutionProperties) = preSolution
		HideSolutionNode = FALSE
	EndGlobalSection
	GlobalSection(ExtensibilityGlobals) = postSolution
		SolutionGuid = {812B7EAA-B183-43F2-9F7A-67B41B6A1397}
	EndGlobalSection
EndGlobal
